// !$*UTF8*$!
{
	archiveVersion = 1;
	classes = {
	};
	objectVersion = 50;
	objects = {

/* Begin PBXBuildFile section */
		24ADF7F921EF678A003E80AA /* AppDelegate.swift in Sources */ = {isa = PBXBuildFile; fileRef = 24ADF7F821EF678A003E80AA /* AppDelegate.swift */; };
		24ADF7FB21EF678A003E80AA /* ViewController.swift in Sources */ = {isa = PBXBuildFile; fileRef = 24ADF7FA21EF678A003E80AA /* ViewController.swift */; };
		24ADF7FE21EF678A003E80AA /* Main.storyboard in Resources */ = {isa = PBXBuildFile; fileRef = 24ADF7FC21EF678A003E80AA /* Main.storyboard */; };
		24ADF80121EF678B003E80AA /* SkinCareLab.xcdatamodeld in Sources */ = {isa = PBXBuildFile; fileRef = 24ADF7FF21EF678B003E80AA /* SkinCareLab.xcdatamodeld */; };
		24ADF80321EF6795003E80AA /* Assets.xcassets in Resources */ = {isa = PBXBuildFile; fileRef = 24ADF80221EF6795003E80AA /* Assets.xcassets */; };
		24ADF80621EF6795003E80AA /* LaunchScreen.storyboard in Resources */ = {isa = PBXBuildFile; fileRef = 24ADF80421EF6795003E80AA /* LaunchScreen.storyboard */; };
		24C883C621F62B0E00CD0338 /* NewsTableViewController.swift in Sources */ = {isa = PBXBuildFile; fileRef = 24C883C521F62B0E00CD0338 /* NewsTableViewController.swift */; };
		61FF57D563B1BB557C8B20FA /* Pods_SkinCareLab.framework in Frameworks */ = {isa = PBXBuildFile; fileRef = 73BF14A3DC390C0E2D9C2324 /* Pods_SkinCareLab.framework */; };
/* End PBXBuildFile section */

/* Begin PBXFileReference section */
		24ADF7F521EF678A003E80AA /* SkinCareLab.app */ = {isa = PBXFileReference; explicitFileType = wrapper.application; includeInIndex = 0; path = SkinCareLab.app; sourceTree = BUILT_PRODUCTS_DIR; };
		24ADF7F821EF678A003E80AA /* AppDelegate.swift */ = {isa = PBXFileReference; lastKnownFileType = sourcecode.swift; path = AppDelegate.swift; sourceTree = "<group>"; };
		24ADF7FA21EF678A003E80AA /* ViewController.swift */ = {isa = PBXFileReference; lastKnownFileType = sourcecode.swift; path = ViewController.swift; sourceTree = "<group>"; };
		24ADF7FD21EF678A003E80AA /* Base */ = {isa = PBXFileReference; lastKnownFileType = file.storyboard; name = Base; path = Base.lproj/Main.storyboard; sourceTree = "<group>"; };
		24ADF80021EF678B003E80AA /* SkinCareLab.xcdatamodel */ = {isa = PBXFileReference; lastKnownFileType = wrapper.xcdatamodel; path = SkinCareLab.xcdatamodel; sourceTree = "<group>"; };
		24ADF80221EF6795003E80AA /* Assets.xcassets */ = {isa = PBXFileReference; lastKnownFileType = folder.assetcatalog; path = Assets.xcassets; sourceTree = "<group>"; };
		24ADF80521EF6795003E80AA /* Base */ = {isa = PBXFileReference; lastKnownFileType = file.storyboard; name = Base; path = Base.lproj/LaunchScreen.storyboard; sourceTree = "<group>"; };
		24ADF80721EF6795003E80AA /* Info.plist */ = {isa = PBXFileReference; lastKnownFileType = text.plist.xml; path = Info.plist; sourceTree = "<group>"; };
		24C883C521F62B0E00CD0338 /* NewsTableViewController.swift */ = {isa = PBXFileReference; lastKnownFileType = sourcecode.swift; path = NewsTableViewController.swift; sourceTree = "<group>"; };
		73BF14A3DC390C0E2D9C2324 /* Pods_SkinCareLab.framework */ = {isa = PBXFileReference; explicitFileType = wrapper.framework; includeInIndex = 0; path = Pods_SkinCareLab.framework; sourceTree = BUILT_PRODUCTS_DIR; };
		A7BF60437F88FBAC50AA7BAF /* Pods-SkinCareLab.debug.xcconfig */ = {isa = PBXFileReference; includeInIndex = 1; lastKnownFileType = text.xcconfig; name = "Pods-SkinCareLab.debug.xcconfig"; path = "Target Support Files/Pods-SkinCareLab/Pods-SkinCareLab.debug.xcconfig"; sourceTree = "<group>"; };
		DC1A709CF7A4C90BA7A8288D /* Pods-SkinCareLab.release.xcconfig */ = {isa = PBXFileReference; includeInIndex = 1; lastKnownFileType = text.xcconfig; name = "Pods-SkinCareLab.release.xcconfig"; path = "Target Support Files/Pods-SkinCareLab/Pods-SkinCareLab.release.xcconfig"; sourceTree = "<group>"; };
/* End PBXFileReference section */

/* Begin PBXFrameworksBuildPhase section */
		24ADF7F221EF678A003E80AA /* Frameworks */ = {
			isa = PBXFrameworksBuildPhase;
			buildActionMask = 2147483647;
			files = (
				61FF57D563B1BB557C8B20FA /* Pods_SkinCareLab.framework in Frameworks */,
			);
			runOnlyForDeploymentPostprocessing = 0;
		};
/* End PBXFrameworksBuildPhase section */

/* Begin PBXGroup section */
		2454FD9F21F8B4C400FF6AE2 /* View */ = {
			isa = PBXGroup;
			children = (
				24ADF7FC21EF678A003E80AA /* Main.storyboard */,
			);
			path = View;
			sourceTree = "<group>";
		};
		2454FDA021F8B4F100FF6AE2 /* Controller */ = {
			isa = PBXGroup;
			children = (
				24ADF7F821EF678A003E80AA /* AppDelegate.swift */,
				24ADF7FA21EF678A003E80AA /* ViewController.swift */,
			);
			path = Controller;
			sourceTree = "<group>";
		};
		2454FDA121F8B52400FF6AE2 /* Model */ = {
			isa = PBXGroup;
			children = (
			);
			path = Model;
			sourceTree = "<group>";
		};
		24ADF7EC21EF678A003E80AA = {
			isa = PBXGroup;
			children = (
				24ADF7F721EF678A003E80AA /* SkinCareLab */,
				24ADF7F621EF678A003E80AA /* Products */,
				783B8774E3F28FA253A52A2B /* Pods */,
				DC78B26628A225A18F21CD57 /* Frameworks */,
			);
			sourceTree = "<group>";
		};
		24ADF7F621EF678A003E80AA /* Products */ = {
			isa = PBXGroup;
			children = (
				24ADF7F521EF678A003E80AA /* SkinCareLab.app */,
			);
			name = Products;
			sourceTree = "<group>";
		};
		24ADF7F721EF678A003E80AA /* SkinCareLab */ = {
			isa = PBXGroup;
			children = (
				2454FDA121F8B52400FF6AE2 /* Model */,
				2454FD9F21F8B4C400FF6AE2 /* View */,
				2454FDA021F8B4F100FF6AE2 /* Controller */,
				24ADF80221EF6795003E80AA /* Assets.xcassets */,
				24ADF80421EF6795003E80AA /* LaunchScreen.storyboard */,
				24ADF80721EF6795003E80AA /* Info.plist */,
				24ADF7FF21EF678B003E80AA /* SkinCareLab.xcdatamodeld */,
				24C883C521F62B0E00CD0338 /* NewsTableViewController.swift */,
			);
			path = SkinCareLab;
			sourceTree = "<group>";
		};
		783B8774E3F28FA253A52A2B /* Pods */ = {
			isa = PBXGroup;
			children = (
				A7BF60437F88FBAC50AA7BAF /* Pods-SkinCareLab.debug.xcconfig */,
				DC1A709CF7A4C90BA7A8288D /* Pods-SkinCareLab.release.xcconfig */,
			);
			name = Pods;
			path = Pods;
			sourceTree = "<group>";
		};
		DC78B26628A225A18F21CD57 /* Frameworks */ = {
			isa = PBXGroup;
			children = (
				73BF14A3DC390C0E2D9C2324 /* Pods_SkinCareLab.framework */,
			);
			name = Frameworks;
			sourceTree = "<group>";
		};
/* End PBXGroup section */

/* Begin PBXNativeTarget section */
		24ADF7F421EF678A003E80AA /* SkinCareLab */ = {
			isa = PBXNativeTarget;
			buildConfigurationList = 24ADF80A21EF6795003E80AA /* Build configuration list for PBXNativeTarget "SkinCareLab" */;
			buildPhases = (
				971E18210368401D51451C38 /* [CP] Check Pods Manifest.lock */,
				24ADF7F121EF678A003E80AA /* Sources */,
				24ADF7F221EF678A003E80AA /* Frameworks */,
				24ADF7F321EF678A003E80AA /* Resources */,
				5F7992895F95878BEBE40E44 /* [CP] Embed Pods Frameworks */,
			);
			buildRules = (
			);
			dependencies = (
			);
			name = SkinCareLab;
			productName = SkinCareLab;
			productReference = 24ADF7F521EF678A003E80AA /* SkinCareLab.app */;
			productType = "com.apple.product-type.application";
		};
/* End PBXNativeTarget section */

/* Begin PBXProject section */
		24ADF7ED21EF678A003E80AA /* Project object */ = {
			isa = PBXProject;
			attributes = {
				LastSwiftUpdateCheck = 1010;
				LastUpgradeCheck = 1010;
				ORGANIZATIONNAME = "Cybernetic Company of Milky Way";
				TargetAttributes = {
					24ADF7F421EF678A003E80AA = {
						CreatedOnToolsVersion = 10.1;
					};
				};
			};
			buildConfigurationList = 24ADF7F021EF678A003E80AA /* Build configuration list for PBXProject "SkinCareLab" */;
			compatibilityVersion = "Xcode 9.3";
			developmentRegion = en;
			hasScannedForEncodings = 0;
			knownRegions = (
				en,
				Base,
			);
			mainGroup = 24ADF7EC21EF678A003E80AA;
			productRefGroup = 24ADF7F621EF678A003E80AA /* Products */;
			projectDirPath = "";
			projectRoot = "";
			targets = (
				24ADF7F421EF678A003E80AA /* SkinCareLab */,
			);
		};
/* End PBXProject section */

/* Begin PBXResourcesBuildPhase section */
		24ADF7F321EF678A003E80AA /* Resources */ = {
			isa = PBXResourcesBuildPhase;
			buildActionMask = 2147483647;
			files = (
				24ADF80621EF6795003E80AA /* LaunchScreen.storyboard in Resources */,
				24ADF80321EF6795003E80AA /* Assets.xcassets in Resources */,
				24ADF7FE21EF678A003E80AA /* Main.storyboard in Resources */,
			);
			runOnlyForDeploymentPostprocessing = 0;
		};
/* End PBXResourcesBuildPhase section */

/* Begin PBXShellScriptBuildPhase section */
		5F7992895F95878BEBE40E44 /* [CP] Embed Pods Frameworks */ = {
			isa = PBXShellScriptBuildPhase;
			buildActionMask = 2147483647;
			files = (
			);
			inputFileListPaths = (
			);
			inputPaths = (
				"${PODS_ROOT}/Target Support Files/Pods-SkinCareLab/Pods-SkinCareLab-frameworks.sh",
				"${BUILT_PRODUCTS_DIR}/Alamofire/Alamofire.framework",
				"${BUILT_PRODUCTS_DIR}/SwiftyJSON/SwiftyJSON.framework",
				"${BUILT_PRODUCTS_DIR}/lottie-ios/Lottie.framework",
			);
			name = "[CP] Embed Pods Frameworks";
			outputFileListPaths = (
			);
			outputPaths = (
				"${TARGET_BUILD_DIR}/${FRAMEWORKS_FOLDER_PATH}/Alamofire.framework",
				"${TARGET_BUILD_DIR}/${FRAMEWORKS_FOLDER_PATH}/SwiftyJSON.framework",
				"${TARGET_BUILD_DIR}/${FRAMEWORKS_FOLDER_PATH}/Lottie.framework",
			);
			runOnlyForDeploymentPostprocessing = 0;
			shellPath = /bin/sh;
			shellScript = "\"${PODS_ROOT}/Target Support Files/Pods-SkinCareLab/Pods-SkinCareLab-frameworks.sh\"\n";
			showEnvVarsInLog = 0;
		};
		971E18210368401D51451C38 /* [CP] Check Pods Manifest.lock */ = {
			isa = PBXShellScriptBuildPhase;
			buildActionMask = 2147483647;
			files = (
			);
			inputFileListPaths = (
			);
			inputPaths = (
				"${PODS_PODFILE_DIR_PATH}/Podfile.lock",
				"${PODS_ROOT}/Manifest.lock",
			);
			name = "[CP] Check Pods Manifest.lock";
			outputFileListPaths = (
			);
			outputPaths = (
				"$(DERIVED_FILE_DIR)/Pods-SkinCareLab-checkManifestLockResult.txt",
			);
			runOnlyForDeploymentPostprocessing = 0;
			shellPath = /bin/sh;
			shellScript = "diff \"${PODS_PODFILE_DIR_PATH}/Podfile.lock\" \"${PODS_ROOT}/Manifest.lock\" > /dev/null\nif [ $? != 0 ] ; then\n    # print error to STDERR\n    echo \"error: The sandbox is not in sync with the Podfile.lock. Run 'pod install' or update your CocoaPods installation.\" >&2\n    exit 1\nfi\n# This output is used by Xcode 'outputs' to avoid re-running this script phase.\necho \"SUCCESS\" > \"${SCRIPT_OUTPUT_FILE_0}\"\n";
			showEnvVarsInLog = 0;
		};
/* End PBXShellScriptBuildPhase section */

/* Begin PBXSourcesBuildPhase section */
		24ADF7F121EF678A003E80AA /* Sources */ = {
			isa = PBXSourcesBuildPhase;
			buildActionMask = 2147483647;
			files = (
				24C883C621F62B0E00CD0338 /* NewsTableViewController.swift in Sources */,
				24ADF80121EF678B003E80AA /* SkinCareLab.xcdatamodeld in Sources */,
				24ADF7FB21EF678A003E80AA /* ViewController.swift in Sources */,
				24ADF7F921EF678A003E80AA /* AppDelegate.swift in Sources */,
			);
			runOnlyForDeploymentPostprocessing = 0;
		};
/* End PBXSourcesBuildPhase section */

/* Begin PBXVariantGroup section */
		24ADF7FC21EF678A003E80AA /* Main.storyboard */ = {
			isa = PBXVariantGroup;
			children = (
				24ADF7FD21EF678A003E80AA /* Base */,
			);
			name = Main.storyboard;
			sourceTree = "<group>";
		};
		24ADF80421EF6795003E80AA /* LaunchScreen.storyboard */ = {
			isa = PBXVariantGroup;
			children = (
				24ADF80521EF6795003E80AA /* Base */,
			);
			name = LaunchScreen.storyboard;
			sourceTree = "<group>";
		};
/* End PBXVariantGroup section */

/* Begin XCBuildConfiguration section */
		24ADF80821EF6795003E80AA /* Debug */ = {
			isa = XCBuildConfiguration;
			buildSettings = {
				ALWAYS_SEARCH_USER_PATHS = NO;
				CLANG_ANALYZER_NONNULL = YES;
				CLANG_ANALYZER_NUMBER_OBJECT_CONVERSION = YES_AGGRESSIVE;
				CLANG_CXX_LANGUAGE_STANDARD = "gnu++14";
				CLANG_CXX_LIBRARY = "libc++";
				CLANG_ENABLE_MODULES = YES;
				CLANG_ENABLE_OBJC_ARC = YES;
				CLANG_ENABLE_OBJC_WEAK = YES;
				CLANG_WARN_BLOCK_CAPTURE_AUTORELEASING = YES;
				CLANG_WARN_BOOL_CONVERSION = YES;
				CLANG_WARN_COMMA = YES;
				CLANG_WARN_CONSTANT_CONVERSION = YES;
				CLANG_WARN_DEPRECATED_OBJC_IMPLEMENTATIONS = YES;
				CLANG_WARN_DIRECT_OBJC_ISA_USAGE = YES_ERROR;
				CLANG_WARN_DOCUMENTATION_COMMENTS = YES;
				CLANG_WARN_EMPTY_BODY = YES;
				CLANG_WARN_ENUM_CONVERSION = YES;
				CLANG_WARN_INFINITE_RECURSION = YES;
				CLANG_WARN_INT_CONVERSION = YES;
				CLANG_WARN_NON_LITERAL_NULL_CONVERSION = YES;
				CLANG_WARN_OBJC_IMPLICIT_RETAIN_SELF = YES;
				CLANG_WARN_OBJC_LITERAL_CONVERSION = YES;
				CLANG_WARN_OBJC_ROOT_CLASS = YES_ERROR;
				CLANG_WARN_RANGE_LOOP_ANALYSIS = YES;
				CLANG_WARN_STRICT_PROTOTYPES = YES;
				CLANG_WARN_SUSPICIOUS_MOVE = YES;
				CLANG_WARN_UNGUARDED_AVAILABILITY = YES_AGGRESSIVE;
				CLANG_WARN_UNREACHABLE_CODE = YES;
				CLANG_WARN__DUPLICATE_METHOD_MATCH = YES;
				CODE_SIGN_IDENTITY = "iPhone Developer";
				COPY_PHASE_STRIP = NO;
				DEBUG_INFORMATION_FORMAT = dwarf;
				ENABLE_STRICT_OBJC_MSGSEND = YES;
				ENABLE_TESTABILITY = YES;
				GCC_C_LANGUAGE_STANDARD = gnu11;
				GCC_DYNAMIC_NO_PIC = NO;
				GCC_NO_COMMON_BLOCKS = YES;
				GCC_OPTIMIZATION_LEVEL = 0;
				GCC_PREPROCESSOR_DEFINITIONS = (
					"DEBUG=1",
					"$(inherited)",
				);
				GCC_WARN_64_TO_32_BIT_CONVERSION = YES;
				GCC_WARN_ABOUT_RETURN_TYPE = YES_ERROR;
				GCC_WARN_UNDECLARED_SELECTOR = YES;
				GCC_WARN_UNINITIALIZED_AUTOS = YES_AGGRESSIVE;
				GCC_WARN_UNUSED_FUNCTION = YES;
				GCC_WARN_UNUSED_VARIABLE = YES;
				IPHONEOS_DEPLOYMENT_TARGET = 12.1;
				MTL_ENABLE_DEBUG_INFO = INCLUDE_SOURCE;
				MTL_FAST_MATH = YES;
				ONLY_ACTIVE_ARCH = YES;
				SDKROOT = iphoneos;
				SWIFT_ACTIVE_COMPILATION_CONDITIONS = DEBUG;
				SWIFT_OPTIMIZATION_LEVEL = "-Onone";
			};
			name = Debug;
		};
		24ADF80921EF6795003E80AA /* Release */ = {
			isa = XCBuildConfiguration;
			buildSettings = {
				ALWAYS_SEARCH_USER_PATHS = NO;
				CLANG_ANALYZER_NONNULL = YES;
				CLANG_ANALYZER_NUMBER_OBJECT_CONVERSION = YES_AGGRESSIVE;
				CLANG_CXX_LANGUAGE_STANDARD = "gnu++14";
				CLANG_CXX_LIBRARY = "libc++";
				CLANG_ENABLE_MODULES = YES;
				CLANG_ENABLE_OBJC_ARC = YES;
				CLANG_ENABLE_OBJC_WEAK = YES;
				CLANG_WARN_BLOCK_CAPTURE_AUTORELEASING = YES;
				CLANG_WARN_BOOL_CONVERSION = YES;
				CLANG_WARN_COMMA = YES;
				CLANG_WARN_CONSTANT_CONVERSION = YES;
				CLANG_WARN_DEPRECATED_OBJC_IMPLEMENTATIONS = YES;
				CLANG_WARN_DIRECT_OBJC_ISA_USAGE = YES_ERROR;
				CLANG_WARN_DOCUMENTATION_COMMENTS = YES;
				CLANG_WARN_EMPTY_BODY = YES;
				CLANG_WARN_ENUM_CONVERSION = YES;
				CLANG_WARN_INFINITE_RECURSION = YES;
				CLANG_WARN_INT_CONVERSION = YES;
				CLANG_WARN_NON_LITERAL_NULL_CONVERSION = YES;
				CLANG_WARN_OBJC_IMPLICIT_RETAIN_SELF = YES;
				CLANG_WARN_OBJC_LITERAL_CONVERSION = YES;
				CLANG_WARN_OBJC_ROOT_CLASS = YES_ERROR;
				CLANG_WARN_RANGE_LOOP_ANALYSIS = YES;
				CLANG_WARN_STRICT_PROTOTYPES = YES;
				CLANG_WARN_SUSPICIOUS_MOVE = YES;
				CLANG_WARN_UNGUARDED_AVAILABILITY = YES_AGGRESSIVE;
				CLANG_WARN_UNREACHABLE_CODE = YES;
				CLANG_WARN__DUPLICATE_METHOD_MATCH = YES;
				CODE_SIGN_IDENTITY = "iPhone Developer";
				COPY_PHASE_STRIP = NO;
				DEBUG_INFORMATION_FORMAT = "dwarf-with-dsym";
				ENABLE_NS_ASSERTIONS = NO;
				ENABLE_STRICT_OBJC_MSGSEND = YES;
				GCC_C_LANGUAGE_STANDARD = gnu11;
				GCC_NO_COMMON_BLOCKS = YES;
				GCC_WARN_64_TO_32_BIT_CONVERSION = YES;
				GCC_WARN_ABOUT_RETURN_TYPE = YES_ERROR;
				GCC_WARN_UNDECLARED_SELECTOR = YES;
				GCC_WARN_UNINITIALIZED_AUTOS = YES_AGGRESSIVE;
				GCC_WARN_UNUSED_FUNCTION = YES;
				GCC_WARN_UNUSED_VARIABLE = YES;
				IPHONEOS_DEPLOYMENT_TARGET = 12.1;
				MTL_ENABLE_DEBUG_INFO = NO;
				MTL_FAST_MATH = YES;
				SDKROOT = iphoneos;
				SWIFT_COMPILATION_MODE = wholemodule;
				SWIFT_OPTIMIZATION_LEVEL = "-O";
				VALIDATE_PRODUCT = YES;
			};
			name = Release;
		};
		24ADF80B21EF6795003E80AA /* Debug */ = {
			isa = XCBuildConfiguration;
			baseConfigurationReference = A7BF60437F88FBAC50AA7BAF /* Pods-SkinCareLab.debug.xcconfig */;
			buildSettings = {
				ASSETCATALOG_COMPILER_APPICON_NAME = AppIcon;
				CODE_SIGN_STYLE = Automatic;
				DEVELOPMENT_TEAM = GUUS7SP38Z;
				INFOPLIST_FILE = SkinCareLab/Info.plist;
				IPHONEOS_DEPLOYMENT_TARGET = 12.1;
				LD_RUNPATH_SEARCH_PATHS = (
					"$(inherited)",
					"@executable_path/Frameworks",
				);
				PRODUCT_BUNDLE_IDENTIFIER = com.cyberneticcompanyofmilkyway.SkinCareLab;
				PRODUCT_NAME = "$(TARGET_NAME)";
				SWIFT_VERSION = 4.2;
				TARGETED_DEVICE_FAMILY = "1,2";
			};
			name = Debug;
		};
		24ADF80C21EF6795003E80AA /* Release */ = {
			isa = XCBuildConfiguration;
			baseConfigurationReference = DC1A709CF7A4C90BA7A8288D /* Pods-SkinCareLab.release.xcconfig */;
			buildSettings = {
				ASSETCATALOG_COMPILER_APPICON_NAME = AppIcon;
				CODE_SIGN_STYLE = Automatic;
				DEVELOPMENT_TEAM = GUUS7SP38Z;
				INFOPLIST_FILE = SkinCareLab/Info.plist;
				IPHONEOS_DEPLOYMENT_TARGET = 12.1;
				LD_RUNPATH_SEARCH_PATHS = (
					"$(inherited)",
					"@executable_path/Frameworks",
				);
				PRODUCT_BUNDLE_IDENTIFIER = com.cyberneticcompanyofmilkyway.SkinCareLab;
				PRODUCT_NAME = "$(TARGET_NAME)";
				SWIFT_VERSION = 4.2;
				TARGETED_DEVICE_FAMILY = "1,2";
			};
			name = Release;
		};
/* End XCBuildConfiguration section */

/* Begin XCConfigurationList section */
		24ADF7F021EF678A003E80AA /* Build configuration list for PBXProject "SkinCareLab" */ = {
			isa = XCConfigurationList;
			buildConfigurations = (
				24ADF80821EF6795003E80AA /* Debug */,
				24ADF80921EF6795003E80AA /* Release */,
			);
			defaultConfigurationIsVisible = 0;
			defaultConfigurationName = Release;
		};
		24ADF80A21EF6795003E80AA /* Build configuration list for PBXNativeTarget "SkinCareLab" */ = {
			isa = XCConfigurationList;
			buildConfigurations = (
				24ADF80B21EF6795003E80AA /* Debug */,
				24ADF80C21EF6795003E80AA /* Release */,
			);
			defaultConfigurationIsVisible = 0;
			defaultConfigurationName = Release;
		};
/* End XCConfigurationList section */

/* Begin XCVersionGroup section */
		24ADF7FF21EF678B003E80AA /* SkinCareLab.xcdatamodeld */ = {
			isa = XCVersionGroup;
			children = (
				24ADF80021EF678B003E80AA /* SkinCareLab.xcdatamodel */,
			);
			currentVersion = 24ADF80021EF678B003E80AA /* SkinCareLab.xcdatamodel */;
			path = SkinCareLab.xcdatamodeld;
			sourceTree = "<group>";
			versionGroupType = wrapper.xcdatamodel;
		};
/* End XCVersionGroup section */
	};
	rootObject = 24ADF7ED21EF678A003E80AA /* Project object */;
}
